{
  "version": 2,
  "dependencies": {
    "net9.0": {
      "Ardalis.Result": {
        "type": "Direct",
        "requested": "[10.1.0, )",
        "resolved": "10.1.0",
        "contentHash": "+WgsXh+JRm0d8BZPlBUc5w0+FTda4vbWRa/IF2q4zDoRsU5BXr8w4rTbYEklZIMNgQQZTcNouR/QfBV5I/4XYQ=="
      },
      "FastEndpoints": {
        "type": "Direct",
        "requested": "[7.0.1, )",
        "resolved": "7.0.1",
        "contentHash": "UOCLrptt8AQP3W969Q74LZ8XnGg64033TBw59DNC9e/mTCKyilofPWo9yWjiPnwtIru0k3+0QAXko+JDTjaOMA==",
        "dependencies": {
          "FastEndpoints.Attributes": "7.0.1",
          "FastEndpoints.Messaging.Core": "7.0.1",
          "FluentValidation": "12.0.0"
        }
      },
      "MediatR": {
        "type": "Direct",
        "requested": "[12.5.0, )",
        "resolved": "12.5.0",
        "contentHash": "vqm2H8/nqL5NAJHPhsG1JOPwfkmbVrPyh4svdoRzu+uZh6Ex7PRoHBGsLYC0/RWCEJFqD1ohHNpteQvql9OktA==",
        "dependencies": {
          "MediatR.Contracts": "[2.0.1, 3.0.0)",
          "Microsoft.Extensions.DependencyInjection.Abstractions": "8.0.0"
        }
      },
      "FastEndpoints.Attributes": {
        "type": "Transitive",
        "resolved": "7.0.1",
        "contentHash": "YPBP+5LuMWnSK/VEJfp1Ui8Jjehvx2LxZlylC9WIdHc/PfUfHTwP7j93haYNZt2RQElxM/fOYSi/MzOFC1d8/g==",
        "dependencies": {
          "Microsoft.Extensions.Primitives": "8.0.0"
        }
      },
      "FastEndpoints.Messaging.Core": {
        "type": "Transitive",
        "resolved": "7.0.1",
        "contentHash": "JqC1nc2D7w/Opc3rqXCrGr8qds1TRU386O7s2E+g+/D5Od2WhRsfTIQf+gvqVDXgKSTtvXnMpPQCdJnpPaqK9A=="
      },
      "FluentValidation": {
        "type": "Transitive",
        "resolved": "12.0.0",
        "contentHash": "8NVLxtMUXynRHJIX3Hn1ACovaqZIJASufXIIFkD0EUbcd5PmMsL1xUD5h548gCezJ5BzlITaR9CAMrGe29aWpA=="
      },
      "Microsoft.Extensions.DependencyInjection.Abstractions": {
        "type": "Transitive",
        "resolved": "9.0.6",
        "contentHash": "0Zn6nR/6g+90MxskZyOOMPQvnPnrrGu6bytPwkV+azDcTtCSuQ1+GJUrg8Klmnrjk1i6zMpw2lXijl+tw7Q3kA=="
      },
      "Microsoft.Extensions.Primitives": {
        "type": "Transitive",
        "resolved": "8.0.0",
        "contentHash": "bXJEZrW9ny8vjMF1JV253WeLhpEVzFo1lyaZu1vQ4ZxWUlVvknZ/+ftFgVheLubb4eZPSwwxBeqS1JkCOjxd8g=="
      },
      "server.core": {
        "type": "Project",
        "dependencies": {
          "Ardalis.GuardClauses": "[5.0.0, )",
          "Ardalis.Result": "[10.1.0, )",
          "Ardalis.SmartEnum": "[8.2.0, )",
          "Ardalis.Specification": "[9.2.0, )",
          "MediatR": "[12.5.0, )",
          "Microsoft.Extensions.Logging.Abstractions": "[9.0.6, )",
          "Server.SharedKernel": "[1.0.0, )"
        }
      },
      "server.sharedkernel": {
        "type": "Project",
        "dependencies": {
          "Ardalis.GuardClauses": "[5.0.0, )",
          "Ardalis.Specification": "[9.2.0, )",
          "MediatR": "[12.5.0, )",
          "MediatR.Contracts": "[2.0.1, )",
          "Microsoft.Extensions.Logging.Abstractions": "[9.0.6, )"
        }
      },
      "Ardalis.GuardClauses": {
        "type": "CentralTransitive",
        "requested": "[5.0.0, )",
        "resolved": "5.0.0",
        "contentHash": "jVPRvLw0xIUFto2cMrKgRYADWIHbEEfzZHGiU/swwNgl1zo28Q1zfSa3VUC3C0s9DyhFDPSaF4dEDQRyTZUcyQ=="
      },
      "Ardalis.SmartEnum": {
        "type": "CentralTransitive",
        "requested": "[8.2.0, )",
        "resolved": "8.2.0",
        "contentHash": "P1CLI2okpzHjOJnZMYLnzcyu1/fUJEYK1X4JSnal2TPmovrUTtXK6Sn78D2JgKUdwjSeWddnRveMj+BEZoksvg=="
      },
      "Ardalis.Specification": {
        "type": "CentralTransitive",
        "requested": "[9.2.0, )",
        "resolved": "9.2.0",
        "contentHash": "bggkCJU1tLIV/hSK5s0lbyFAOLsNpiafFPfrg2/0arWhmst8Y90CWQFTNE5aVJJLV1Ja6Jdf4rogsG9mYiRUSA=="
      },
      "MediatR.Contracts": {
        "type": "CentralTransitive",
        "requested": "[2.0.1, )",
        "resolved": "2.0.1",
        "contentHash": "FYv95bNT4UwcNA+G/J1oX5OpRiSUxteXaUt2BJbRSdRNiIUNbggJF69wy6mnk2wYToaanpdXZdCwVylt96MpwQ=="
      },
      "Microsoft.Extensions.Logging.Abstractions": {
        "type": "CentralTransitive",
        "requested": "[9.0.6, )",
        "resolved": "9.0.6",
        "contentHash": "LFnyBNK7WtFmKdnHu3v0HOYQ8BcjYuy0jdC9pgCJ/rbLKoJEG9/dBzSKMEeeWDbDeoWS0TIxOC8a9CM5ufca3A==",
        "dependencies": {
          "Microsoft.Extensions.DependencyInjection.Abstractions": "9.0.6"
        }
      }
    }
  }
}